
Microsoft Visual Studio Solution File, Format Version 12.00
# Visual Studio Version 17
VisualStudioVersion = 17.14.36518.9 d17.14
MinimumVisualStudioVersion = 10.0.40219.1
Project("{FAE04EC0-301F-11D3-BF4B-00C04F79EFBC}") = "embed-qrcodes-in-pdf-headers-and-footers", "embed-qrcodes-in-pdf-headers-and-footers.csproj", "{02C010B3-9A38-4BF3-B344-34B63F3907CC}"
EndProject
Global
	GlobalSection(SolutionConfigurationPlatforms) = preSolution
		Debug|Any CPU = Debug|Any CPU
		Release|Any CPU = Release|Any CPU
	EndGlobalSection
	GlobalSection(ProjectConfigurationPlatforms) = postSolution
		{02C010B3-9A38-4BF3-B344-34B63F3907CC}.Debug|Any CPU.ActiveCfg = Debug|Any CPU
		{02C010B3-9A38-4BF3-B344-34B63F3907CC}.Debug|Any CPU.Build.0 = Debug|Any CPU
		{02C010B3-9A38-4BF3-B344-34B63F3907CC}.Release|Any CPU.ActiveCfg = Release|Any CPU
		{02C010B3-9A38-4BF3-B344-34B63F3907CC}.Release|Any CPU.Build.0 = Release|Any CPU
	EndGlobalSection
	GlobalSection(SolutionProperties) = preSolution
		HideSolutionNode = FALSE
	EndGlobalSection
	GlobalSection(ExtensibilityGlobals) = postSolution
		SolutionGuid = {83BDABE3-4DC7-4CBF-8693-AF4F5F5B3DCA}
	EndGlobalSection
EndGlobal
