
Microsoft Visual Studio Solution File, Format Version 12.00
# Visual Studio Version 17
VisualStudioVersion = 17.14.36518.9 d17.14
MinimumVisualStudioVersion = 10.0.40219.1
Project("{FAE04EC0-301F-11D3-BF4B-00C04F79EFBC}") = "export-qrcode-as-image", "export-qrcode-as-image.csproj", "{44238DA4-CBB0-4C3F-81E3-BBB65A2BFF0E}"
EndProject
Global
	GlobalSection(SolutionConfigurationPlatforms) = preSolution
		Debug|Any CPU = Debug|Any CPU
		Release|Any CPU = Release|Any CPU
	EndGlobalSection
	GlobalSection(ProjectConfigurationPlatforms) = postSolution
		{44238DA4-CBB0-4C3F-81E3-BBB65A2BFF0E}.Debug|Any CPU.ActiveCfg = Debug|Any CPU
		{44238DA4-CBB0-4C3F-81E3-BBB65A2BFF0E}.Debug|Any CPU.Build.0 = Debug|Any CPU
		{44238DA4-CBB0-4C3F-81E3-BBB65A2BFF0E}.Release|Any CPU.ActiveCfg = Release|Any CPU
		{44238DA4-CBB0-4C3F-81E3-BBB65A2BFF0E}.Release|Any CPU.Build.0 = Release|Any CPU
	EndGlobalSection
	GlobalSection(SolutionProperties) = preSolution
		HideSolutionNode = FALSE
	EndGlobalSection
	GlobalSection(ExtensibilityGlobals) = postSolution
		SolutionGuid = {A68219DF-882B-4185-A32F-351D63811180}
	EndGlobalSection
EndGlobal
